<?xml version="1.0" encoding="utf-8"?>
<Project ToolsVersion="4.0" xmlns="http://schemas.microsoft.com/developer/msbuild/2003">
  <ItemGroup>
    <Filter Include="src">
      <UniqueIdentifier>{4FC737F1-C7A5-4376-A066-2A32D752A2FF}</UniqueIdentifier>
      <Extensions>cpp;c;cc;cxx;c++;cppm;ixx;def;odl;idl;hpj;bat;asm;asmx</Extensions>
    </Filter>
    <Filter Include="include">
      <UniqueIdentifier>{93995380-89BD-4b04-88EB-625FBE52EBFB}</UniqueIdentifier>
      <Extensions>h;hh;hpp;hxx;h++;hm;inl;inc;ipp;xsd</Extensions>
    </Filter>
    <Filter Include="shaders">
      <UniqueIdentifier>{55bdf0aa-78de-413b-8dbf-162f854d13ca}</UniqueIdentifier>
    </Filter>
    <Filter Include="shaders\sprite">
      <UniqueIdentifier>{5bd0cb5f-cf3e-46ee-848e-e75bd6224667}</UniqueIdentifier>
    </Filter>
    <Filter Include="shaders\model">
      <UniqueIdentifier>{d1e2f888-21f4-448d-a52c-00081f843af2}</UniqueIdentifier>
    </Filter>
    <Filter Include="include\engine">
      <UniqueIdentifier>{388d3241-1174-4a44-a817-7a1649db88f7}</UniqueIdentifier>
    </Filter>
    <Filter Include="include\engine\sound">
      <UniqueIdentifier>{6f1b98f9-dc62-4ec8-b57d-889938e0e015}</UniqueIdentifier>
    </Filter>
    <Filter Include="include\engine\sprite">
      <UniqueIdentifier>{a2cac4e6-20b8-45a7-931d-0a27e2c5bf6a}</UniqueIdentifier>
    </Filter>
    <Filter Include="include\engine\texture">
      <UniqueIdentifier>{5bec7eee-5ef1-42c8-a009-c6f9679a6fef}</UniqueIdentifier>
    </Filter>
    <Filter Include="include\engine\model">
      <UniqueIdentifier>{b8067c30-35e6-468f-9e3d-ef8654614d0c}</UniqueIdentifier>
    </Filter>
    <Filter Include="include\engine\imgui">
      <UniqueIdentifier>{a0f19709-9f78-4c29-b043-257079ce3264}</UniqueIdentifier>
    </Filter>
    <Filter Include="include\engine\graphics">
      <UniqueIdentifier>{cf901ebd-4ec3-4245-abfb-a4f8a060fe78}</UniqueIdentifier>
    </Filter>
    <Filter Include="include\engine\core">
      <UniqueIdentifier>{426c453d-acbc-4090-be64-3dc3056a4c6d}</UniqueIdentifier>
    </Filter>
    <Filter Include="include\engine\camera">
      <UniqueIdentifier>{284ab13d-a94f-4b94-9b8e-269bc028fe26}</UniqueIdentifier>
    </Filter>
    <Filter Include="include\engine\input">
      <UniqueIdentifier>{b10d450d-043d-4295-9957-4529bf49fa10}</UniqueIdentifier>
    </Filter>
    <Filter Include="src\engine">
      <UniqueIdentifier>{eb8052ae-dca4-432c-81b8-8f46968f4727}</UniqueIdentifier>
    </Filter>
    <Filter Include="src\engine\camera">
      <UniqueIdentifier>{a4f9e347-c86f-4a9b-96dd-9ff87162614f}</UniqueIdentifier>
    </Filter>
    <Filter Include="src\engine\core">
      <UniqueIdentifier>{ff8fb54f-cff5-4d87-8fb5-4a32872d78c4}</UniqueIdentifier>
    </Filter>
    <Filter Include="src\engine\graphics">
      <UniqueIdentifier>{97862079-a97b-4220-a22d-7186c388520a}</UniqueIdentifier>
    </Filter>
    <Filter Include="src\engine\imgui">
      <UniqueIdentifier>{9fdd27b8-e9de-4df3-816a-806d9fd09028}</UniqueIdentifier>
    </Filter>
    <Filter Include="src\engine\input">
      <UniqueIdentifier>{1e0faabc-891a-4635-898a-1eae741bf5fe}</UniqueIdentifier>
    </Filter>
    <Filter Include="src\engine\model">
      <UniqueIdentifier>{62a940c6-b5eb-4fad-b010-dcbf3f6abdf0}</UniqueIdentifier>
    </Filter>
    <Filter Include="src\engine\sound">
      <UniqueIdentifier>{f7e0cb7b-cd6e-4e56-afb1-0955495f3102}</UniqueIdentifier>
    </Filter>
    <Filter Include="src\engine\sprite">
      <UniqueIdentifier>{5917cf8e-f48c-43ef-9dc9-669fe78154d3}</UniqueIdentifier>
    </Filter>
    <Filter Include="src\engine\texture">
      <UniqueIdentifier>{9f4dc77b-cf7c-446b-afa4-4f2d3ce1d972}</UniqueIdentifier>
    </Filter>
    <Filter Include="include\engine\scene">
      <UniqueIdentifier>{62d41240-753f-4265-9b79-4d64300a266b}</UniqueIdentifier>
    </Filter>
    <Filter Include="src\engine\scene">
      <UniqueIdentifier>{3b23469a-8248-4dde-9cfe-2e855f1a691f}</UniqueIdentifier>
    </Filter>
    <Filter Include="include\app">
      <UniqueIdentifier>{75345bbf-56b9-465c-b053-382727b5086c}</UniqueIdentifier>
    </Filter>
    <Filter Include="include\app\scene">
      <UniqueIdentifier>{b64c15f2-aef4-406f-95f2-60bb4552cb20}</UniqueIdentifier>
    </Filter>
    <Filter Include="src\app">
      <UniqueIdentifier>{5cd42614-c730-4b8d-9803-13b9df2a2d0e}</UniqueIdentifier>
    </Filter>
    <Filter Include="src\app\scene">
      <UniqueIdentifier>{c6b405a1-c5d6-4941-86eb-45d93c446dbc}</UniqueIdentifier>
    </Filter>
    <Filter Include="include\engine\particle">
      <UniqueIdentifier>{c2999ce7-771d-4d07-9c9e-fb53f656af97}</UniqueIdentifier>
    </Filter>
    <Filter Include="src\engine\particle">
      <UniqueIdentifier>{58a1f206-67c0-4ac7-a3ee-733507e97254}</UniqueIdentifier>
    </Filter>
    <Filter Include="include\app\player">
      <UniqueIdentifier>{6182c842-c19f-41a2-b0c6-4d5266886bc7}</UniqueIdentifier>
    </Filter>
    <Filter Include="src\app\player">
      <UniqueIdentifier>{df699ed3-a990-4658-a2a1-70db4322fed6}</UniqueIdentifier>
    </Filter>
    <Filter Include="src\app\enemy">
      <UniqueIdentifier>{b6294e60-4eec-420a-885b-35ecb521310a}</UniqueIdentifier>
    </Filter>
    <Filter Include="include\app\enemy">
      <UniqueIdentifier>{2a9241d8-c55c-437b-ae69-4244c98edaa4}</UniqueIdentifier>
    </Filter>
    <Filter Include="src\engine\collision">
      <UniqueIdentifier>{024bd489-5878-4b22-bcf0-02c6b87fc14e}</UniqueIdentifier>
    </Filter>
    <Filter Include="include\engine\collision">
      <UniqueIdentifier>{ae2140d3-1036-4cf2-8cc4-63cdbc1d3c3d}</UniqueIdentifier>
    </Filter>
  </ItemGroup>
  <ItemGroup>
    <ClCompile Include="src\main.cpp">
      <Filter>src</Filter>
    </ClCompile>
    <ClCompile Include="src\engine\core\WinApp.cpp">
      <Filter>src\engine\core</Filter>
    </ClCompile>
    <ClCompile Include="src\engine\graphics\DirectXCommon.cpp">
      <Filter>src\engine\graphics</Filter>
    </ClCompile>
    <ClCompile Include="src\engine\graphics\SrvManager.cpp">
      <Filter>src\engine\graphics</Filter>
    </ClCompile>
    <ClCompile Include="src\engine\texture\TextureManager.cpp">
      <Filter>src\engine\texture</Filter>
    </ClCompile>
    <ClCompile Include="src\engine\sprite\SpriteRenderer.cpp">
      <Filter>src\engine\sprite</Filter>
    </ClCompile>
    <ClCompile Include="src\engine\sprite\SpriteManager.cpp">
      <Filter>src\engine\sprite</Filter>
    </ClCompile>
    <ClCompile Include="src\engine\model\ModelRenderer.cpp">
      <Filter>src\engine\model</Filter>
    </ClCompile>
    <ClCompile Include="src\engine\camera\Camera.cpp">
      <Filter>src\engine\camera</Filter>
    </ClCompile>
    <ClCompile Include="src\engine\model\MeshManager.cpp">
      <Filter>src\engine\model</Filter>
    </ClCompile>
    <ClCompile Include="src\engine\model\ModelManager.cpp">
      <Filter>src\engine\model</Filter>
    </ClCompile>
    <ClCompile Include="src\engine\imgui\ImguiManager.cpp">
      <Filter>src\engine\imgui</Filter>
    </ClCompile>
    <ClCompile Include="src\engine\sound\SoundManager.cpp">
      <Filter>src\engine\sound</Filter>
    </ClCompile>
    <ClCompile Include="src\engine\input\Input.cpp">
      <Filter>src\engine\input</Filter>
    </ClCompile>
    <ClCompile Include="src\engine\scene\SceneManager.cpp">
      <Filter>src\engine\scene</Filter>
    </ClCompile>
    <ClCompile Include="src\app\scene\GameScene.cpp">
      <Filter>src\app\scene</Filter>
    </ClCompile>
    <ClCompile Include="src\engine\particle\BaseParticleSystem.cpp">
      <Filter>src\engine\particle</Filter>
    </ClCompile>
    <ClCompile Include="src\app\player\Player.cpp">
      <Filter>src\app\player</Filter>
    </ClCompile>
    <ClCompile Include="src\app\enemy\Enemy.cpp">
      <Filter>src\app\enemy</Filter>
    </ClCompile>
    <ClCompile Include="src\app\player\Sword.cpp">
      <Filter>src\app\player</Filter>
    </ClCompile>
    <ClCompile Include="src\engine\collision\CollisionUtil.cpp">
      <Filter>src\engine\collision</Filter>
    </ClCompile>
    <ClCompile Include="src\engine\model\Animator.cpp">
      <Filter>src\engine\model</Filter>
    </ClCompile>
    <ClCompile Include="src\engine\model\AssimpLoader.cpp">
      <Filter>src\engine\model</Filter>
    </ClCompile>
    <ClCompile Include="src\engine\model\Material.cpp">
      <Filter>src\engine\model</Filter>
    </ClCompile>
    <ClCompile Include="src\engine\model\MaterialManager.cpp">
      <Filter>src\engine\model</Filter>
    </ClCompile>
    <ClCompile Include="src\engine\camera\DebugCamera.cpp">
      <Filter>src\engine\camera</Filter>
    </ClCompile>
    <ClCompile Include="src\engine\collision\DebugDraw.cpp">
      <Filter>src\engine\collision</Filter>
    </ClCompile>
    <ClCompile Include="src\engine\input\MahonyFilter.cpp">
      <Filter>src\engine\input</Filter>
    </ClCompile>
    <ClCompile Include="src\app\enemy\Bullet.cpp">
      <Filter>src\app\enemy</Filter>
    </ClCompile>
    <ClCompile Include="src\app\player\SwordMouseController.cpp">
      <Filter>src\app\player</Filter>
    </ClCompile>
    <ClCompile Include="src\app\player\SwordJoyConController.cpp">
      <Filter>src\app\player</Filter>
    </ClCompile>
    <ClCompile Include="src\app\enemy\EnemyAction_Melee.cpp">
      <Filter>src\app\enemy</Filter>
    </ClCompile>
    <ClCompile Include="src\app\enemy\EnemyAction_Ranged.cpp">
      <Filter>src\app\enemy</Filter>
    </ClCompile>
    <ClCompile Include="src\app\enemy\EnemyAction_WarpGuard.cpp">
      <Filter>src\app\enemy</Filter>
    </ClCompile>
    <ClCompile Include="src\app\enemy\EnemyAdaptation.cpp">
      <Filter>src\app\enemy</Filter>
    </ClCompile>
    <ClCompile Include="src\app\enemy\EnemyCombat.cpp">
      <Filter>src\app\enemy</Filter>
    </ClCompile>
    <ClCompile Include="src\app\enemy\EnemyCore.cpp">
      <Filter>src\app\enemy</Filter>
    </ClCompile>
    <ClCompile Include="src\app\enemy\EnemyPresentation.cpp">
      <Filter>src\app\enemy</Filter>
    </ClCompile>
    <ClCompile Include="src\app\enemy\EnemyTactics.cpp">
      <Filter>src\app\enemy</Filter>
    </ClCompile>
    <ClCompile Include="src\app\enemy\EnemyTuning.cpp">
      <Filter>src\app\enemy</Filter>
    </ClCompile>
    <ClCompile Include="src\app\enemy\EnemyTuningPresetIO.cpp">
      <Filter>src\app\enemy</Filter>
    </ClCompile>
    <ClCompile Include="src\engine\input\JoyCon.cpp">
      <Filter>src\engine\input</Filter>
    </ClCompile>
    <ClCompile Include="src\engine\graphics\WarpPostEffectRenderer.cpp">
      <Filter>src</Filter>
    </ClCompile>
  </ItemGroup>
  <ItemGroup>
    <ClInclude Include="include\engine\core\WinApp.h">
      <Filter>include\engine\core</Filter>
    </ClInclude>
    <ClInclude Include="include\engine\graphics\DirectXCommon.h">
      <Filter>include\engine\graphics</Filter>
    </ClInclude>
    <ClInclude Include="include\engine\graphics\DxUtils.h">
      <Filter>include\engine\graphics</Filter>
    </ClInclude>
    <ClInclude Include="include\engine\graphics\DxHelpers.h">
      <Filter>include\engine\graphics</Filter>
    </ClInclude>
    <ClInclude Include="include\engine\sprite\Sprite.h">
      <Filter>include\engine\sprite</Filter>
    </ClInclude>
    <ClInclude Include="include\engine\graphics\ShaderCompiler.h">
      <Filter>include\engine\graphics</Filter>
    </ClInclude>
    <ClInclude Include="include\engine\graphics\SrvManager.h">
      <Filter>include\engine\graphics</Filter>
    </ClInclude>
    <ClInclude Include="include\engine\texture\Texture.h">
      <Filter>include\engine\texture</Filter>
    </ClInclude>
    <ClInclude Include="include\engine\texture\TextureManager.h">
      <Filter>include\engine\texture</Filter>
    </ClInclude>
    <ClInclude Include="include\engine\sprite\SpriteRenderer.h">
      <Filter>include\engine\sprite</Filter>
    </ClInclude>
    <ClInclude Include="include\engine\sprite\SpriteManager.h">
      <Filter>include\engine\sprite</Filter>
    </ClInclude>
    <ClInclude Include="include\engine\model\ModelRenderer.h">
      <Filter>include\engine\model</Filter>
    </ClInclude>
    <ClInclude Include="include\engine\model\Model.h">
      <Filter>include\engine\model</Filter>
    </ClInclude>
    <ClInclude Include="include\engine\camera\Camera.h">
      <Filter>include\engine\camera</Filter>
    </ClInclude>
    <ClInclude Include="include\engine\model\MeshManager.h">
      <Filter>include\engine\model</Filter>
    </ClInclude>
    <ClInclude Include="include\engine\model\Vertex.h">
      <Filter>include\engine\model</Filter>
    </ClInclude>
    <ClInclude Include="include\engine\model\ModelManager.h">
      <Filter>include\engine\model</Filter>
    </ClInclude>
    <ClInclude Include="include\engine\imgui\ImguiManager.h">
      <Filter>include\engine\imgui</Filter>
    </ClInclude>
    <ClInclude Include="include\engine\sound\SoundManager.h">
      <Filter>include\engine\sound</Filter>
    </ClInclude>
    <ClInclude Include="include\engine\sound\SoundVoiceCallback.h">
      <Filter>include\engine\sound</Filter>
    </ClInclude>
    <ClInclude Include="include\engine\input\Input.h">
      <Filter>include\engine\input</Filter>
    </ClInclude>
    <ClInclude Include="include\engine\scene\BaseScene.h">
      <Filter>include\engine\scene</Filter>
    </ClInclude>
    <ClInclude Include="include\engine\scene\SceneManager.h">
      <Filter>include\engine\scene</Filter>
    </ClInclude>
    <ClInclude Include="include\app\scene\GameScene.h">
      <Filter>include\app\scene</Filter>
    </ClInclude>
    <ClInclude Include="include\engine\scene\SceneContext.h">
      <Filter>include\engine\scene</Filter>
    </ClInclude>
    <ClInclude Include="include\engine\model\Transform.h">
      <Filter>include\engine\model</Filter>
    </ClInclude>
    <ClInclude Include="include\engine\particle\Particle.h">
      <Filter>include\engine\particle</Filter>
    </ClInclude>
    <ClInclude Include="include\engine\particle\BaseParticleSystem.h">
      <Filter>include\engine\particle</Filter>
    </ClInclude>
    <ClInclude Include="include\app\player\Player.h">
      <Filter>include\app\player</Filter>
    </ClInclude>
    <ClInclude Include="include\app\enemy\Enemy.h">
      <Filter>include\app\enemy</Filter>
    </ClInclude>
    <ClInclude Include="include\app\player\Sword.h">
      <Filter>include\app\player</Filter>
    </ClInclude>
    <ClInclude Include="include\engine\collision\CollisionUtil.h">
      <Filter>include\engine\collision</Filter>
    </ClInclude>
    <ClInclude Include="include\engine\collision\AABB.h">
      <Filter>include\engine\collision</Filter>
    </ClInclude>
    <ClInclude Include="include\engine\model\Animator.h">
      <Filter>include\engine\model</Filter>
    </ClInclude>
    <ClInclude Include="include\engine\model\AssimpLoader.h">
      <Filter>include\engine\model</Filter>
    </ClInclude>
    <ClInclude Include="include\engine\model\Material.h">
      <Filter>include\engine\model</Filter>
    </ClInclude>
    <ClInclude Include="include\engine\model\MaterialManager.h">
      <Filter>include\engine\model</Filter>
    </ClInclude>
    <ClInclude Include="include\engine\collision\DebugDraw.h">
      <Filter>include\engine\collision</Filter>
    </ClInclude>
    <ClInclude Include="include\engine\collision\OBB.h">
      <Filter>include\engine\collision</Filter>
    </ClInclude>
    <ClInclude Include="include\engine\camera\DebugCamera.h">
      <Filter>include\engine\camera</Filter>
    </ClInclude>
    <ClInclude Include="include\engine\input\MahonyFilter.h">
      <Filter>include\engine\input</Filter>
    </ClInclude>
    <ClInclude Include="include\app\enemy\Bullet.h">
      <Filter>include\app\enemy</Filter>
    </ClInclude>
    <ClInclude Include="include\app\player\SwordMouseController.h">
      <Filter>include\app\player</Filter>
    </ClInclude>
    <ClInclude Include="include\app\player\SwordJoyConController.h">
      <Filter>include\app\player</Filter>
    </ClInclude>
    <ClInclude Include="include\app\enemy\EnemyActionData.h">
      <Filter>include\app\enemy</Filter>
    </ClInclude>
    <ClInclude Include="include\app\enemy\EnemyTuningPreset.h">
      <Filter>include\app\enemy</Filter>
    </ClInclude>
    <ClInclude Include="include\app\enemy\EnemyTuningPresetIO.h">
      <Filter>include\app\enemy</Filter>
    </ClInclude>
    <ClInclude Include="include\engine\input\JoyCon.h">
      <Filter>include\engine\input</Filter>
    </ClInclude>
    <ClInclude Include="include\app\player\SwordControllerState.h">
      <Filter>include\app\player</Filter>
    </ClInclude>
    <ClInclude Include="include\app\player\SwordPose.h">
      <Filter>include\app\player</Filter>
    </ClInclude>
    <ClInclude Include="include\app\enemy\WarpPostEffect.h">
      <Filter>include</Filter>
    </ClInclude>
    <ClInclude Include="include\engine\graphics\WarpPostEffectRenderer.h">
      <Filter>include</Filter>
    </ClInclude>
  </ItemGroup>
  <ItemGroup>
    <FxCompile Include="resources\shaders\sprite\SpritePS.hlsl">
      <Filter>shaders\sprite</Filter>
    </FxCompile>
    <FxCompile Include="resources\shaders\sprite\SpriteVS.hlsl">
      <Filter>shaders\sprite</Filter>
    </FxCompile>
    <FxCompile Include="resources\shaders\model\ModelPS.hlsl">
      <Filter>shaders\model</Filter>
    </FxCompile>
    <FxCompile Include="resources\shaders\model\ModelVS.hlsl">
      <Filter>shaders\model</Filter>
    </FxCompile>
    <FxCompile Include="resources\shaders\warp\WarpPostEffect.PS.hlsl" />
    <FxCompile Include="resources\shaders\warp\Fullscreen.VS.hlsl" />
  </ItemGroup>
  <ItemGroup>
    <None Include="resources\shaders\sprite\Sprite.hlsli">
      <Filter>shaders\sprite</Filter>
    </None>
    <None Include="resources\shaders\model\Model.hlsli">
      <Filter>shaders\model</Filter>
    </None>
  </ItemGroup>
</Project>