<Solution>
  <Configurations>
    <Platform Name="x64" />
  </Configurations>
  <Folder Name="/ソリューション項目/">
    <File Path=".clang-format" />
    <File Path=".editorconfig" />
  </Folder>
  <Project Path="Engine.vcxproj" Id="2d2b4186-642f-41bf-97c8-74ab151638ec" />
  <Project Path="externals/DirectXTex/DirectXTex_Desktop_2022.vcxproj" Id="371b9fa9-4c90-4ac6-a123-aced756d6c77" />
  <Project Path="externals/imgui/imgui.vcxproj" Id="f6ba9c36-46d4-4c55-9c90-d016c833a837" />
</Solution>
