<?xml version="1.0" encoding="utf-8"?>
<Project ToolsVersion="4.0" xmlns="http://schemas.microsoft.com/developer/msbuild/2003">
  <ItemGroup>
    <Filter Include="include">
      <UniqueIdentifier>{388d3241-1174-4a44-a817-7a1649db88f7}</UniqueIdentifier>
    </Filter>
    <Filter Include="public">
      <UniqueIdentifier>{85ce72e8-59ef-4c84-96d0-40de387aefcf}</UniqueIdentifier>
    </Filter>
    <Filter Include="include\sound">
      <UniqueIdentifier>{6f1b98f9-dc62-4ec8-b57d-889938e0e015}</UniqueIdentifier>
    </Filter>
    <Filter Include="include\sprite">
      <UniqueIdentifier>{a2cac4e6-20b8-45a7-931d-0a27e2c5bf6a}</UniqueIdentifier>
    </Filter>
    <Filter Include="include\texture">
      <UniqueIdentifier>{5bec7eee-5ef1-42c8-a009-c6f9679a6fef}</UniqueIdentifier>
    </Filter>
    <Filter Include="include\model">
      <UniqueIdentifier>{b8067c30-35e6-468f-9e3d-ef8654614d0c}</UniqueIdentifier>
    </Filter>
    <Filter Include="include\imgui">
      <UniqueIdentifier>{a0f19709-9f78-4c29-b043-257079ce3264}</UniqueIdentifier>
    </Filter>
    <Filter Include="include\graphics">
      <UniqueIdentifier>{cf901ebd-4ec3-4245-abfb-a4f8a060fe78}</UniqueIdentifier>
    </Filter>
    <Filter Include="include\core">
      <UniqueIdentifier>{426c453d-acbc-4090-be64-3dc3056a4c6d}</UniqueIdentifier>
    </Filter>
    <Filter Include="include\camera">
      <UniqueIdentifier>{284ab13d-a94f-4b94-9b8e-269bc028fe26}</UniqueIdentifier>
    </Filter>
    <Filter Include="include\input">
      <UniqueIdentifier>{b10d450d-043d-4295-9957-4529bf49fa10}</UniqueIdentifier>
    </Filter>
    <Filter Include="src">
      <UniqueIdentifier>{eb8052ae-dca4-432c-81b8-8f46968f4727}</UniqueIdentifier>
    </Filter>
    <Filter Include="src\camera">
      <UniqueIdentifier>{a4f9e347-c86f-4a9b-96dd-9ff87162614f}</UniqueIdentifier>
    </Filter>
    <Filter Include="src\core">
      <UniqueIdentifier>{ff8fb54f-cff5-4d87-8fb5-4a32872d78c4}</UniqueIdentifier>
    </Filter>
    <Filter Include="src\graphics">
      <UniqueIdentifier>{97862079-a97b-4220-a22d-7186c388520a}</UniqueIdentifier>
    </Filter>
    <Filter Include="src\imgui">
      <UniqueIdentifier>{9fdd27b8-e9de-4df3-816a-806d9fd09028}</UniqueIdentifier>
    </Filter>
    <Filter Include="src\input">
      <UniqueIdentifier>{1e0faabc-891a-4635-898a-1eae741bf5fe}</UniqueIdentifier>
    </Filter>
    <Filter Include="src\model">
      <UniqueIdentifier>{62a940c6-b5eb-4fad-b010-dcbf3f6abdf0}</UniqueIdentifier>
    </Filter>
    <Filter Include="src\animation">
      <UniqueIdentifier>{bf0c9f95-c8ca-4c27-9f50-4c9c6e658893}</UniqueIdentifier>
    </Filter>
    <Filter Include="src\sound">
      <UniqueIdentifier>{f7e0cb7b-cd6e-4e56-afb1-0955495f3102}</UniqueIdentifier>
    </Filter>
    <Filter Include="src\sprite">
      <UniqueIdentifier>{5917cf8e-f48c-43ef-9dc9-669fe78154d3}</UniqueIdentifier>
    </Filter>
    <Filter Include="src\texture">
      <UniqueIdentifier>{9f4dc77b-cf7c-446b-afa4-4f2d3ce1d972}</UniqueIdentifier>
    </Filter>
    <Filter Include="include\scene">
      <UniqueIdentifier>{62d41240-753f-4265-9b79-4d64300a266b}</UniqueIdentifier>
    </Filter>
    <Filter Include="include\animation">
      <UniqueIdentifier>{8af568ef-ee0e-43fd-b4e0-8abf61d2d433}</UniqueIdentifier>
    </Filter>
    <Filter Include="src\scene">
      <UniqueIdentifier>{3b23469a-8248-4dde-9cfe-2e855f1a691f}</UniqueIdentifier>
    </Filter>
    <Filter Include="include\particle">
      <UniqueIdentifier>{c2999ce7-771d-4d07-9c9e-fb53f656af97}</UniqueIdentifier>
    </Filter>
    <Filter Include="src\particle">
      <UniqueIdentifier>{58a1f206-67c0-4ac7-a3ee-733507e97254}</UniqueIdentifier>
    </Filter>
    <Filter Include="src\collision">
      <UniqueIdentifier>{024bd489-5878-4b22-bcf0-02c6b87fc14e}</UniqueIdentifier>
    </Filter>
    <Filter Include="include\collision">
      <UniqueIdentifier>{ae2140d3-1036-4cf2-8cc4-63cdbc1d3c3d}</UniqueIdentifier>
    </Filter>
    <Filter Include="include\debug">
      <UniqueIdentifier>{dfce3ba7-25f8-4124-99be-0d709dfe1b31}</UniqueIdentifier>
    </Filter>
    <Filter Include="src\debug">
      <UniqueIdentifier>{b907d81f-c99a-4109-b551-fae7e77b5baa}</UniqueIdentifier>
    </Filter>
    <Filter Include="include\effect">
      <UniqueIdentifier>{34492f89-47d7-4e16-a3f1-017f0a942e17}</UniqueIdentifier>
    </Filter>
    <Filter Include="src\effect">
      <UniqueIdentifier>{ef6ca823-7aa4-4de3-92c9-e4c5f2a2ac46}</UniqueIdentifier>
    </Filter>
    <Filter Include="resources">
      <UniqueIdentifier>{a7d15aa3-a2e6-492d-8656-1d600e7d5081}</UniqueIdentifier>
    </Filter>
    <Filter Include="resources\shaders">
      <UniqueIdentifier>{55bdf0aa-78de-413b-8dbf-162f854d13ca}</UniqueIdentifier>
    </Filter>
    <Filter Include="resources\shaders\model">
      <UniqueIdentifier>{d1e2f888-21f4-448d-a52c-00081f843af2}</UniqueIdentifier>
    </Filter>
    <Filter Include="resources\shaders\mesh">
      <UniqueIdentifier>{19b9de4b-9f94-45ce-bf21-a707076e0a0b}</UniqueIdentifier>
    </Filter>
    <Filter Include="resources\shaders\sprite">
      <UniqueIdentifier>{a7796bda-e57e-4298-a020-eb38e2c4a4a7}</UniqueIdentifier>
    </Filter>
    <Filter Include="resources\shaders\skybox">
      <UniqueIdentifier>{ee5d2c4b-212f-4f11-a82a-224e52ed54c7}</UniqueIdentifier>
    </Filter>
    <Filter Include="resources\shaders\particle">
      <UniqueIdentifier>{1bdc6374-9793-4a4e-9bca-5bb78cb274b8}</UniqueIdentifier>
    </Filter>
    <Filter Include="resources\shaders\posteffect">
      <UniqueIdentifier>{2be6bc38-3dda-4303-a10f-338456c66f26}</UniqueIdentifier>
    </Filter>
  </ItemGroup>
  <ItemGroup>
    <ClCompile Include="$(MSBuildThisFileDirectory)src\core\WinApp.cpp">
      <Filter>src\core</Filter>
    </ClCompile>
    <ClCompile Include="$(MSBuildThisFileDirectory)src\graphics\DirectXCommon.cpp">
      <Filter>src\graphics</Filter>
    </ClCompile>
    <ClCompile Include="$(MSBuildThisFileDirectory)src\graphics\Culling.cpp">
      <Filter>src\graphics</Filter>
    </ClCompile>
    <ClCompile Include="$(MSBuildThisFileDirectory)src\graphics\DynamicBuffer.cpp">
      <Filter>src\graphics</Filter>
    </ClCompile>
    <ClCompile Include="$(MSBuildThisFileDirectory)src\graphics\PipelineManager.cpp">
      <Filter>src\graphics</Filter>
    </ClCompile>
    <ClCompile Include="$(MSBuildThisFileDirectory)src\graphics\PostEffectRenderer.cpp">
      <Filter>src\graphics</Filter>
    </ClCompile>
    <ClCompile Include="$(MSBuildThisFileDirectory)src\graphics\RenderPassController.cpp">
      <Filter>src\graphics</Filter>
    </ClCompile>
    <ClCompile Include="$(MSBuildThisFileDirectory)src\graphics\RenderTexture.cpp">
      <Filter>src\graphics</Filter>
    </ClCompile>
    <ClCompile Include="$(MSBuildThisFileDirectory)src\graphics\ShadowMapRenderer.cpp">
      <Filter>src\graphics</Filter>
    </ClCompile>
    <ClCompile Include="$(MSBuildThisFileDirectory)src\graphics\TransparentRenderQueue.cpp">
      <Filter>src\graphics</Filter>
    </ClCompile>
    <ClCompile Include="$(MSBuildThisFileDirectory)src\graphics\SrvManager.cpp">
      <Filter>src\graphics</Filter>
    </ClCompile>
    <ClCompile Include="$(MSBuildThisFileDirectory)src\graphics\UploadRingBuffer.cpp">
      <Filter>src\graphics</Filter>
    </ClCompile>
    <ClCompile Include="$(MSBuildThisFileDirectory)src\texture\TextureManager.cpp">
      <Filter>src\texture</Filter>
    </ClCompile>
    <ClCompile Include="$(MSBuildThisFileDirectory)src\texture\TextureManagerAsync.cpp">
      <Filter>src\texture</Filter>
    </ClCompile>
    <ClCompile Include="$(MSBuildThisFileDirectory)src\texture\TextureManagerDynamic.cpp">
      <Filter>src\texture</Filter>
    </ClCompile>
    <ClCompile Include="$(MSBuildThisFileDirectory)src\sprite\SpriteRenderer.cpp">
      <Filter>src\sprite</Filter>
    </ClCompile>
    <ClCompile Include="$(MSBuildThisFileDirectory)src\sprite\SpriteManager.cpp">
      <Filter>src\sprite</Filter>
    </ClCompile>
    <ClCompile Include="$(MSBuildThisFileDirectory)src\model\ModelRenderer.cpp">
      <Filter>src\model</Filter>
    </ClCompile>
    <ClCompile Include="$(MSBuildThisFileDirectory)src\model\ModelRendererBuffers.cpp">
      <Filter>src\model</Filter>
    </ClCompile>
    <ClCompile Include="$(MSBuildThisFileDirectory)src\model\ModelRendererPipeline.cpp">
      <Filter>src\model</Filter>
    </ClCompile>
    <ClCompile Include="$(MSBuildThisFileDirectory)src\model\ModelRendererSkinning.cpp">
      <Filter>src\model</Filter>
    </ClCompile>
    <ClCompile Include="$(MSBuildThisFileDirectory)src\camera\Camera.cpp">
      <Filter>src\camera</Filter>
    </ClCompile>
    <ClCompile Include="$(MSBuildThisFileDirectory)src\camera\CameraManager.cpp">
      <Filter>src\camera</Filter>
    </ClCompile>
    <ClCompile Include="$(MSBuildThisFileDirectory)src\model\MeshManager.cpp">
      <Filter>src\model</Filter>
    </ClCompile>
    <ClCompile Include="$(MSBuildThisFileDirectory)src\model\MeshPipelineFactory.cpp">
      <Filter>src\model</Filter>
    </ClCompile>
    <ClCompile Include="$(MSBuildThisFileDirectory)src\model\MeshRenderer.cpp">
      <Filter>src\model</Filter>
    </ClCompile>
    <ClCompile Include="$(MSBuildThisFileDirectory)src\model\MeshRendererBuffers.cpp">
      <Filter>src\model</Filter>
    </ClCompile>
    <ClCompile Include="$(MSBuildThisFileDirectory)src\model\MeshRendererPipeline.cpp">
      <Filter>src\model</Filter>
    </ClCompile>
    <ClCompile Include="$(MSBuildThisFileDirectory)src\model\ModelManager.cpp">
      <Filter>src\model</Filter>
    </ClCompile>
    <ClCompile Include="$(MSBuildThisFileDirectory)src\imgui\ImguiManager.cpp">
      <Filter>src\imgui</Filter>
    </ClCompile>
    <ClCompile Include="$(MSBuildThisFileDirectory)src\sound\SoundManager.cpp">
      <Filter>src\sound</Filter>
    </ClCompile>
    <ClCompile Include="$(MSBuildThisFileDirectory)src\sound\SoundManagerSpatial.cpp">
      <Filter>src\sound</Filter>
    </ClCompile>
    <ClCompile Include="$(MSBuildThisFileDirectory)src\sound\SoundManagerStreaming.cpp">
      <Filter>src\sound</Filter>
    </ClCompile>
    <ClCompile Include="$(MSBuildThisFileDirectory)src\sound\AudioFileLoader.cpp">
      <Filter>src\sound</Filter>
    </ClCompile>
    <ClCompile Include="$(MSBuildThisFileDirectory)src\input\Input.cpp">
      <Filter>src\input</Filter>
    </ClCompile>
    <ClCompile Include="$(MSBuildThisFileDirectory)src\input\InputReplay.cpp">
      <Filter>src\input</Filter>
    </ClCompile>
    <ClCompile Include="$(MSBuildThisFileDirectory)src\scene\SceneManager.cpp">
      <Filter>src\scene</Filter>
    </ClCompile>
    <ClCompile Include="$(MSBuildThisFileDirectory)src\particle\GPUParticleSystem.cpp">
      <Filter>src\particle</Filter>
    </ClCompile>
    <ClCompile Include="$(MSBuildThisFileDirectory)src\collision\CollisionManager.cpp">
      <Filter>src\collision</Filter>
    </ClCompile>
    <ClCompile Include="$(MSBuildThisFileDirectory)src\collision\CollisionUtil.cpp">
      <Filter>src\collision</Filter>
    </ClCompile>
    <ClCompile Include="$(MSBuildThisFileDirectory)src\debug\DebugLog.cpp">
      <Filter>src\debug</Filter>
    </ClCompile>
    <ClCompile Include="$(MSBuildThisFileDirectory)src\effect\EffectManager.cpp">
      <Filter>src\effect</Filter>
    </ClCompile>
    <ClCompile Include="$(MSBuildThisFileDirectory)src\animation\Animator.cpp">
      <Filter>src\animation</Filter>
    </ClCompile>
    <ClCompile Include="$(MSBuildThisFileDirectory)src\animation\AnimationSampler.cpp">
      <Filter>src\animation</Filter>
    </ClCompile>
    <ClCompile Include="$(MSBuildThisFileDirectory)src\animation\AssimpAnimationLoader.cpp">
      <Filter>src\animation</Filter>
    </ClCompile>
    <ClCompile Include="$(MSBuildThisFileDirectory)src\model\AssimpLoader.cpp">
      <Filter>src\model</Filter>
    </ClCompile>
    <ClCompile Include="$(MSBuildThisFileDirectory)src\model\AssimpMeshLoader.cpp">
      <Filter>src\model</Filter>
    </ClCompile>
    <ClCompile Include="$(MSBuildThisFileDirectory)src\model\MaterialManager.cpp">
      <Filter>src\model</Filter>
    </ClCompile>
    <ClCompile Include="$(MSBuildThisFileDirectory)src\graphics\DxUtils.cpp">
      <Filter>src\graphics</Filter>
    </ClCompile>
    <ClCompile Include="$(MSBuildThisFileDirectory)src\core\AssetManager.cpp">
      <Filter>src\core</Filter>
    </ClCompile>
    <ClCompile Include="$(MSBuildThisFileDirectory)src\core\EngineRuntime.cpp">
      <Filter>src\core</Filter>
    </ClCompile>
    <ClCompile Include="$(MSBuildThisFileDirectory)src\core\FrameTimer.cpp">
      <Filter>src\core</Filter>
    </ClCompile>
    <ClCompile Include="$(MSBuildThisFileDirectory)src\model\SkyboxRenderer.cpp">
      <Filter>src\model</Filter>
    </ClCompile>
    <ClCompile Include="$(MSBuildThisFileDirectory)src\animation\SkeletonPoseBuilder.cpp">
      <Filter>src\animation</Filter>
    </ClCompile>
  </ItemGroup>
  <ItemGroup>
    <ClInclude Include="$(MSBuildThisFileDirectory)public\Engine.h">
      <Filter>public</Filter>
    </ClInclude>
    <ClInclude Include="$(MSBuildThisFileDirectory)include\core\WinApp.h">
      <Filter>include\core</Filter>
    </ClInclude>
    <ClInclude Include="$(MSBuildThisFileDirectory)include\core\AssetManager.h">
      <Filter>include\core</Filter>
    </ClInclude>
    <ClInclude Include="$(MSBuildThisFileDirectory)include\core\EngineRuntime.h">
      <Filter>include\core</Filter>
    </ClInclude>
    <ClInclude Include="$(MSBuildThisFileDirectory)include\core\FrameTimer.h">
      <Filter>include\core</Filter>
    </ClInclude>
    <ClInclude Include="$(MSBuildThisFileDirectory)include\core\ResourceHandle.h">
      <Filter>include\core</Filter>
    </ClInclude>
    <ClInclude Include="$(MSBuildThisFileDirectory)include\debug\DebugLog.h">
      <Filter>include\debug</Filter>
    </ClInclude>
    <ClInclude Include="$(MSBuildThisFileDirectory)include\effect\EffectAsset.h">
      <Filter>include\effect</Filter>
    </ClInclude>
    <ClInclude Include="$(MSBuildThisFileDirectory)include\effect\EffectManager.h">
      <Filter>include\effect</Filter>
    </ClInclude>
    <ClInclude Include="$(MSBuildThisFileDirectory)include\graphics\DirectXCommon.h">
      <Filter>include\graphics</Filter>
    </ClInclude>
    <ClInclude Include="$(MSBuildThisFileDirectory)include\graphics\Culling.h">
      <Filter>include\graphics</Filter>
    </ClInclude>
    <ClInclude Include="$(MSBuildThisFileDirectory)include\graphics\DynamicBuffer.h">
      <Filter>include\graphics</Filter>
    </ClInclude>
    <ClInclude Include="$(MSBuildThisFileDirectory)include\graphics\Lighting.h">
      <Filter>include\graphics</Filter>
    </ClInclude>
    <ClInclude Include="$(MSBuildThisFileDirectory)include\graphics\PipelineManager.h">
      <Filter>include\graphics</Filter>
    </ClInclude>
    <ClInclude Include="$(MSBuildThisFileDirectory)include\graphics\PostEffectRenderer.h">
      <Filter>include\graphics</Filter>
    </ClInclude>
    <ClInclude Include="$(MSBuildThisFileDirectory)include\graphics\PostEffectSettings.h">
      <Filter>include\graphics</Filter>
    </ClInclude>
    <ClInclude Include="$(MSBuildThisFileDirectory)include\graphics\RenderContext.h">
      <Filter>include\graphics</Filter>
    </ClInclude>
    <ClInclude Include="$(MSBuildThisFileDirectory)include\graphics\RenderPass.h">
      <Filter>include\graphics</Filter>
    </ClInclude>
    <ClInclude Include="$(MSBuildThisFileDirectory)include\graphics\RenderPassController.h">
      <Filter>include\graphics</Filter>
    </ClInclude>
    <ClInclude Include="$(MSBuildThisFileDirectory)include\graphics\RenderTexture.h">
      <Filter>include\graphics</Filter>
    </ClInclude>
    <ClInclude Include="$(MSBuildThisFileDirectory)include\graphics\ShadowMapRenderer.h">
      <Filter>include\graphics</Filter>
    </ClInclude>
    <ClInclude Include="$(MSBuildThisFileDirectory)include\graphics\TransparentRenderQueue.h">
      <Filter>include\graphics</Filter>
    </ClInclude>
    <ClInclude Include="$(MSBuildThisFileDirectory)include\graphics\DxUtils.h">
      <Filter>include\graphics</Filter>
    </ClInclude>
    <ClInclude Include="$(MSBuildThisFileDirectory)include\graphics\DxHelpers.h">
      <Filter>include\graphics</Filter>
    </ClInclude>
    <ClInclude Include="$(MSBuildThisFileDirectory)include\sprite\Sprite.h">
      <Filter>include\sprite</Filter>
    </ClInclude>
    <ClInclude Include="$(MSBuildThisFileDirectory)include\graphics\ShaderCompiler.h">
      <Filter>include\graphics</Filter>
    </ClInclude>
    <ClInclude Include="$(MSBuildThisFileDirectory)include\graphics\ShaderPaths.h">
      <Filter>include\graphics</Filter>
    </ClInclude>
    <ClInclude Include="$(MSBuildThisFileDirectory)include\graphics\SrvManager.h">
      <Filter>include\graphics</Filter>
    </ClInclude>
    <ClInclude Include="$(MSBuildThisFileDirectory)include\graphics\UploadRingBuffer.h">
      <Filter>include\graphics</Filter>
    </ClInclude>
    <ClInclude Include="$(MSBuildThisFileDirectory)include\texture\Texture.h">
      <Filter>include\texture</Filter>
    </ClInclude>
    <ClInclude Include="$(MSBuildThisFileDirectory)include\texture\TextureManager.h">
      <Filter>include\texture</Filter>
    </ClInclude>
    <ClInclude Include="$(MSBuildThisFileDirectory)include\sprite\SpriteRenderer.h">
      <Filter>include\sprite</Filter>
    </ClInclude>
    <ClInclude Include="$(MSBuildThisFileDirectory)include\sprite\SpriteManager.h">
      <Filter>include\sprite</Filter>
    </ClInclude>
    <ClInclude Include="$(MSBuildThisFileDirectory)include\model\ModelRenderer.h">
      <Filter>include\model</Filter>
    </ClInclude>
    <ClInclude Include="$(MSBuildThisFileDirectory)include\model\InstanceData.h">
      <Filter>include\model</Filter>
    </ClInclude>
    <ClInclude Include="$(MSBuildThisFileDirectory)include\model\MeshPipelineFactory.h">
      <Filter>include\model</Filter>
    </ClInclude>
    <ClInclude Include="$(MSBuildThisFileDirectory)include\model\MeshRenderer.h">
      <Filter>include\model</Filter>
    </ClInclude>
    <ClInclude Include="$(MSBuildThisFileDirectory)include\model\MeshGeometry.h">
      <Filter>include\model</Filter>
    </ClInclude>
    <ClInclude Include="$(MSBuildThisFileDirectory)include\model\Model.h">
      <Filter>include\model</Filter>
    </ClInclude>
    <ClInclude Include="$(MSBuildThisFileDirectory)include\camera\Camera.h">
      <Filter>include\camera</Filter>
    </ClInclude>
    <ClInclude Include="$(MSBuildThisFileDirectory)include\camera\CameraManager.h">
      <Filter>include\camera</Filter>
    </ClInclude>
    <ClInclude Include="$(MSBuildThisFileDirectory)include\model\MeshManager.h">
      <Filter>include\model</Filter>
    </ClInclude>
    <ClInclude Include="$(MSBuildThisFileDirectory)include\model\Vertex.h">
      <Filter>include\model</Filter>
    </ClInclude>
    <ClInclude Include="$(MSBuildThisFileDirectory)include\model\ModelManager.h">
      <Filter>include\model</Filter>
    </ClInclude>
    <ClInclude Include="$(MSBuildThisFileDirectory)include\imgui\ImguiManager.h">
      <Filter>include\imgui</Filter>
    </ClInclude>
    <ClInclude Include="$(MSBuildThisFileDirectory)include\sound\SoundManager.h">
      <Filter>include\sound</Filter>
    </ClInclude>
    <ClInclude Include="$(MSBuildThisFileDirectory)include\sound\AudioFileLoader.h">
      <Filter>include\sound</Filter>
    </ClInclude>
    <ClInclude Include="$(MSBuildThisFileDirectory)include\sound\SoundVoiceCallback.h">
      <Filter>include\sound</Filter>
    </ClInclude>
    <ClInclude Include="$(MSBuildThisFileDirectory)include\input\Input.h">
      <Filter>include\input</Filter>
    </ClInclude>
    <ClInclude Include="$(MSBuildThisFileDirectory)include\input\InputReplayTypes.h">
      <Filter>include\input</Filter>
    </ClInclude>
    <ClInclude Include="$(MSBuildThisFileDirectory)include\scene\BaseScene.h">
      <Filter>include\scene</Filter>
    </ClInclude>
    <ClInclude Include="$(MSBuildThisFileDirectory)include\scene\AbstractSceneFactory.h">
      <Filter>include\scene</Filter>
    </ClInclude>
    <ClInclude Include="$(MSBuildThisFileDirectory)include\scene\SceneManager.h">
      <Filter>include\scene</Filter>
    </ClInclude>
    <ClInclude Include="$(MSBuildThisFileDirectory)include\scene\SceneContext.h">
      <Filter>include\scene</Filter>
    </ClInclude>
    <ClInclude Include="$(MSBuildThisFileDirectory)include\model\Transform.h">
      <Filter>include\model</Filter>
    </ClInclude>
    <ClInclude Include="$(MSBuildThisFileDirectory)include\particle\GPUParticleSystem.h">
      <Filter>include\particle</Filter>
    </ClInclude>
    <ClInclude Include="$(MSBuildThisFileDirectory)include\particle\ParticleEmitterSettings.h">
      <Filter>include\particle</Filter>
    </ClInclude>
    <ClInclude Include="$(MSBuildThisFileDirectory)include\collision\CollisionUtil.h">
      <Filter>include\collision</Filter>
    </ClInclude>
    <ClInclude Include="$(MSBuildThisFileDirectory)include\collision\AABB.h">
      <Filter>include\collision</Filter>
    </ClInclude>
    <ClInclude Include="$(MSBuildThisFileDirectory)include\collision\CollisionManager.h">
      <Filter>include\collision</Filter>
    </ClInclude>
    <ClInclude Include="$(MSBuildThisFileDirectory)include\animation\Animator.h">
      <Filter>include\animation</Filter>
    </ClInclude>
    <ClInclude Include="$(MSBuildThisFileDirectory)include\animation\AnimationSampler.h">
      <Filter>include\animation</Filter>
    </ClInclude>
    <ClInclude Include="$(MSBuildThisFileDirectory)include\animation\AssimpAnimationLoader.h">
      <Filter>include\animation</Filter>
    </ClInclude>
    <ClInclude Include="$(MSBuildThisFileDirectory)include\animation\AnimationTypes.h">
      <Filter>include\animation</Filter>
    </ClInclude>
    <ClInclude Include="$(MSBuildThisFileDirectory)include\model\AssimpLoader.h">
      <Filter>include\model</Filter>
    </ClInclude>
    <ClInclude Include="$(MSBuildThisFileDirectory)include\model\AssimpMeshLoader.h">
      <Filter>include\model</Filter>
    </ClInclude>
    <ClInclude Include="$(MSBuildThisFileDirectory)include\model\Material.h">
      <Filter>include\model</Filter>
    </ClInclude>
    <ClInclude Include="$(MSBuildThisFileDirectory)include\model\MaterialManager.h">
      <Filter>include\model</Filter>
    </ClInclude>
    <ClInclude Include="$(MSBuildThisFileDirectory)include\collision\OBB.h">
      <Filter>include\collision</Filter>
    </ClInclude>
    <ClInclude Include="$(MSBuildThisFileDirectory)include\model\SkyboxRenderer.h">
      <Filter>include\model</Filter>
    </ClInclude>
    <ClInclude Include="$(MSBuildThisFileDirectory)include\animation\SkeletonPoseBuilder.h">
      <Filter>include\animation</Filter>
    </ClInclude>
  </ItemGroup>
  <ItemGroup>
    <FxCompile Include="$(MSBuildThisFileDirectory)resources\shaders\model\ModelPS.hlsl">
      <Filter>resources\shaders\model</Filter>
    </FxCompile>
    <FxCompile Include="$(MSBuildThisFileDirectory)resources\shaders\mesh\MeshPS.hlsl">
      <Filter>resources\shaders\mesh</Filter>
    </FxCompile>
    <FxCompile Include="$(MSBuildThisFileDirectory)resources\shaders\mesh\MeshVS.hlsl">
      <Filter>resources\shaders\mesh</Filter>
    </FxCompile>
    <FxCompile Include="$(MSBuildThisFileDirectory)resources\shaders\mesh\MeshInstancedVS.hlsl">
      <Filter>resources\shaders\mesh</Filter>
    </FxCompile>
    <FxCompile Include="$(MSBuildThisFileDirectory)resources\shaders\mesh\MeshShadowVS.hlsl">
      <Filter>resources\shaders\mesh</Filter>
    </FxCompile>
    <FxCompile Include="$(MSBuildThisFileDirectory)resources\shaders\mesh\MeshShadowInstancedVS.hlsl">
      <Filter>resources\shaders\mesh</Filter>
    </FxCompile>
    <FxCompile Include="$(MSBuildThisFileDirectory)resources\shaders\mesh\MeshShadowPS.hlsl">
      <Filter>resources\shaders\mesh</Filter>
    </FxCompile>
    <FxCompile Include="$(MSBuildThisFileDirectory)resources\shaders\model\ModelShadowVS.hlsl">
      <Filter>resources\shaders\model</Filter>
    </FxCompile>
    <FxCompile Include="$(MSBuildThisFileDirectory)resources\shaders\model\ModelShadowInstancedVS.hlsl">
      <Filter>resources\shaders\model</Filter>
    </FxCompile>
    <FxCompile Include="$(MSBuildThisFileDirectory)resources\shaders\model\ModelShadowPS.hlsl">
      <Filter>resources\shaders\model</Filter>
    </FxCompile>
    <FxCompile Include="$(MSBuildThisFileDirectory)resources\shaders\model\ModelVS.hlsl">
      <Filter>resources\shaders\model</Filter>
    </FxCompile>
    <FxCompile Include="$(MSBuildThisFileDirectory)resources\shaders\model\ModelInstancedVS.hlsl">
      <Filter>resources\shaders\model</Filter>
    </FxCompile>
    <FxCompile Include="$(MSBuildThisFileDirectory)resources\shaders\model\SkinningCS.hlsl">
      <Filter>resources\shaders\model</Filter>
    </FxCompile>
    <FxCompile Include="$(MSBuildThisFileDirectory)resources\shaders\sprite\SpritePS.hlsl">
      <Filter>resources\shaders\sprite</Filter>
    </FxCompile>
    <FxCompile Include="$(MSBuildThisFileDirectory)resources\shaders\sprite\SpriteVS.hlsl">
      <Filter>resources\shaders\sprite</Filter>
    </FxCompile>
    <FxCompile Include="$(MSBuildThisFileDirectory)resources\shaders\skybox\SkyboxPS.hlsl">
      <Filter>resources\shaders\skybox</Filter>
    </FxCompile>
    <FxCompile Include="$(MSBuildThisFileDirectory)resources\shaders\skybox\SkyboxVS.hlsl">
      <Filter>resources\shaders\skybox</Filter>
    </FxCompile>
    <FxCompile Include="$(MSBuildThisFileDirectory)resources\shaders\particle\GPUParticlePS.hlsl">
      <Filter>resources\shaders\particle</Filter>
    </FxCompile>
    <FxCompile Include="$(MSBuildThisFileDirectory)resources\shaders\particle\GPUParticleVS.hlsl">
      <Filter>resources\shaders\particle</Filter>
    </FxCompile>
    <FxCompile Include="$(MSBuildThisFileDirectory)resources\shaders\particle\GPUParticleUpdateCS.hlsl">
      <Filter>resources\shaders\particle</Filter>
    </FxCompile>
    <FxCompile Include="$(MSBuildThisFileDirectory)resources\shaders\posteffect\PostEffectPS.hlsl">
      <Filter>resources\shaders\posteffect</Filter>
    </FxCompile>
    <FxCompile Include="$(MSBuildThisFileDirectory)resources\shaders\posteffect\PostEffectVS.hlsl">
      <Filter>resources\shaders\posteffect</Filter>
    </FxCompile>
  </ItemGroup>
  <ItemGroup>
    <None Include="$(MSBuildThisFileDirectory)resources\shaders\posteffect\BloomEffect.hlsli">
      <Filter>resources\shaders\posteffect</Filter>
    </None>
    <None Include="$(MSBuildThisFileDirectory)resources\shaders\model\Model.hlsli">
      <Filter>resources\shaders\model</Filter>
    </None>
    <None Include="$(MSBuildThisFileDirectory)resources\shaders\mesh\Mesh.hlsli">
      <Filter>resources\shaders\mesh</Filter>
    </None>
    <None Include="$(MSBuildThisFileDirectory)resources\shaders\sprite\Sprite.hlsli">
      <Filter>resources\shaders\sprite</Filter>
    </None>
    <None Include="$(MSBuildThisFileDirectory)resources\shaders\skybox\Skybox.hlsli">
      <Filter>resources\shaders\skybox</Filter>
    </None>
    <None Include="$(MSBuildThisFileDirectory)resources\shaders\particle\GPUParticle.hlsli">
      <Filter>resources\shaders\particle</Filter>
    </None>
    <None Include="$(MSBuildThisFileDirectory)resources\shaders\posteffect\ColorEffect.hlsli">
      <Filter>resources\shaders\posteffect</Filter>
    </None>
    <None Include="$(MSBuildThisFileDirectory)resources\shaders\posteffect\EdgeEffect.hlsli">
      <Filter>resources\shaders\posteffect</Filter>
    </None>
    <None Include="$(MSBuildThisFileDirectory)resources\shaders\posteffect\FilterEffect.hlsli">
      <Filter>resources\shaders\posteffect</Filter>
    </None>
    <None Include="$(MSBuildThisFileDirectory)resources\shaders\posteffect\NoiseEffect.hlsli">
      <Filter>resources\shaders\posteffect</Filter>
    </None>
    <None Include="$(MSBuildThisFileDirectory)resources\shaders\posteffect\PostEffect.hlsli">
      <Filter>resources\shaders\posteffect</Filter>
    </None>
    <None Include="$(MSBuildThisFileDirectory)resources\shaders\posteffect\TonemapEffect.hlsli">
      <Filter>resources\shaders\posteffect</Filter>
    </None>
  </ItemGroup>
</Project>
