<?xml version="1.0" encoding="utf-8"?>
<Project ToolsVersion="4.0" xmlns="http://schemas.microsoft.com/developer/msbuild/2003">
  <ItemGroup>
    <Filter Include="Header Files">
      <UniqueIdentifier>{4e4f2c66-78e0-1132-4b45-33d4001d2298}</UniqueIdentifier>
    </Filter>
    <Filter Include="Header Files\enemy">
      <UniqueIdentifier>{79cfc16a-3025-d0d1-a31f-3b51b9908f68}</UniqueIdentifier>
    </Filter>
    <Filter Include="Header Files\player">
      <UniqueIdentifier>{17481bf1-f951-5e54-71b0-d74bdd476bc4}</UniqueIdentifier>
    </Filter>
    <Filter Include="Header Files\scene">
      <UniqueIdentifier>{87037da8-af53-b64e-ba4b-cbd0913dcaf8}</UniqueIdentifier>
    </Filter>
    <Filter Include="Resources">
      <UniqueIdentifier>{2e940d40-3d77-3dc8-a487-6f21e4b33cda}</UniqueIdentifier>
    </Filter>
    <Filter Include="Resources\Models">
      <UniqueIdentifier>{153629fd-363a-7f58-06de-530fd9db1da7}</UniqueIdentifier>
    </Filter>
    <Filter Include="Resources\Models\boss">
      <UniqueIdentifier>{1abdc1c9-c80c-eca4-b2ae-bfa8d792511f}</UniqueIdentifier>
    </Filter>
    <Filter Include="Resources\Models\player">
      <UniqueIdentifier>{d91cfcf7-f3c4-3b80-5314-202646ae4f3c}</UniqueIdentifier>
    </Filter>
    <Filter Include="Resources\Audio">
      <UniqueIdentifier>{7d5a4983-9ca7-5ac1-b285-9b2770c6f339}</UniqueIdentifier>
    </Filter>
    <Filter Include="Resources\Audio\se">
      <UniqueIdentifier>{75cd1bbf-105d-4073-bb6d-ea37b8d7e644}</UniqueIdentifier>
    </Filter>
    <Filter Include="Resources\Audio\bgm">
      <UniqueIdentifier>{a354bf52-f80e-4a4f-8f11-c96723e605af}</UniqueIdentifier>
    </Filter>
    <Filter Include="Resources\Effects">
      <UniqueIdentifier>{fea49a77-7765-acdf-93f8-af892e0ffed2}</UniqueIdentifier>
    </Filter>
    <Filter Include="Resources\Effects\particles">
      <UniqueIdentifier>{b9e4f8ac-0f67-4e8d-a727-42d51b920f0c}</UniqueIdentifier>
    </Filter>
    <Filter Include="Resources\Shaders">
      <UniqueIdentifier>{68685a10-6401-4a43-986b-85723dbe8c62}</UniqueIdentifier>
    </Filter>
    <Filter Include="Resources\Shaders\sword_arc">
      <UniqueIdentifier>{8ebd6c86-64d5-411e-84a4-6c4ed0039b28}</UniqueIdentifier>
    </Filter>
    <Filter Include="Resources\Shaders\sword_trail">
      <UniqueIdentifier>{0f6cc620-1696-45ee-a64a-2a27fe4b1786}</UniqueIdentifier>
    </Filter>
    <Filter Include="Resources\Shaders\particle">
      <UniqueIdentifier>{5e2c8272-bfc3-4233-85d4-6ff2dd3791b4}</UniqueIdentifier>
    </Filter>
    <Filter Include="Resources\UI">
      <UniqueIdentifier>{be18388a-c7d7-463b-a082-6451e4a7e26b}</UniqueIdentifier>
    </Filter>
    <Filter Include="Resources\UI\result">
      <UniqueIdentifier>{ed6094e0-6c2f-4926-8b45-4d80b6db5540}</UniqueIdentifier>
    </Filter>
    <Filter Include="Resources\UI\result\glyphs">
      <UniqueIdentifier>{926b25af-5751-4e43-bd05-86cc3271b882}</UniqueIdentifier>
    </Filter>
    <Filter Include="Resources\UI\result\mplus">
      <UniqueIdentifier>{7d0e0340-0702-4d38-a487-4084bcc83e4b}</UniqueIdentifier>
    </Filter>
    <Filter Include="Resources\UI\result\mplus\glyphs">
      <UniqueIdentifier>{d36b3df7-170a-48ce-b079-6409438ecdea}</UniqueIdentifier>
    </Filter>
    <Filter Include="Resources\UI\difficulty">
      <UniqueIdentifier>{5dfc2270-7225-45a9-9083-8e9d11e978ea}</UniqueIdentifier>
    </Filter>
    <Filter Include="Resources\UI\title">
      <UniqueIdentifier>{8020483a-1e1a-4a79-aa16-00b02627f518}</UniqueIdentifier>
    </Filter>
    <Filter Include="Resources\UI\credits">
      <UniqueIdentifier>{fe4a21df-bb23-4370-a6a7-1d73d7fe2be0}</UniqueIdentifier>
    </Filter>
    <Filter Include="Resources\UI\common">
      <UniqueIdentifier>{31becad1-9582-41ff-9a50-a83b3d3d7bd9}</UniqueIdentifier>
    </Filter>
    <Filter Include="Resources\UI\menu">
      <UniqueIdentifier>{6d09f9d4-b61f-44dc-8f54-422a58ef8780}</UniqueIdentifier>
    </Filter>
    <Filter Include="Resources\UI\option">
      <UniqueIdentifier>{47fe7ce2-52c4-4e40-9b0b-67ad80ea6f35}</UniqueIdentifier>
    </Filter>
    <Filter Include="Resources\Fonts">
      <UniqueIdentifier>{c19f3d03-d2f9-4305-b7b6-f85efcf4fa56}</UniqueIdentifier>
    </Filter>
    <Filter Include="Resources\UI\sound_test">
      <UniqueIdentifier>{a1d4c71a-68be-4b99-a10f-56c95e10c756}</UniqueIdentifier>
    </Filter>
    <Filter Include="Resources\UI\weapon_select">
      <UniqueIdentifier>{90b565c7-e349-45d9-8b03-d0581d2805a5}</UniqueIdentifier>
    </Filter>
    <Filter Include="Resources\UI\weapon_select\text">
      <UniqueIdentifier>{3ff0dd92-e36b-4897-9ef7-b7d5c9d01dfb}</UniqueIdentifier>
    </Filter>
    <Filter Include="Source Files">
      <UniqueIdentifier>{29388da4-e2a8-2891-25b7-64a4dd6bcc45}</UniqueIdentifier>
    </Filter>
    <Filter Include="Source Files\enemy">
      <UniqueIdentifier>{e87165b1-8f3b-5ed0-e95d-b3b478827ecd}</UniqueIdentifier>
    </Filter>
    <Filter Include="Source Files\player">
      <UniqueIdentifier>{29309051-1374-273a-57cb-7560413dee16}</UniqueIdentifier>
    </Filter>
    <Filter Include="Source Files\scene">
      <UniqueIdentifier>{4b6c6162-2d8e-9803-3ac2-e0f5c0fb33de}</UniqueIdentifier>
    </Filter>
    <Filter Include="Source Files\effect">
      <UniqueIdentifier>{db0d5230-49b9-4100-829e-6f51f5441f8f}</UniqueIdentifier>
    </Filter>
    <Filter Include="Header Files\effect">
      <UniqueIdentifier>{f3a6d2b6-7a67-4667-9218-1dbf493b2174}</UniqueIdentifier>
    </Filter>
  </ItemGroup>
  <ItemGroup>
    <ClCompile Include="src\scene\CameraPreviewReceiver.cpp">
      <Filter>Source Files\scene</Filter>
    </ClCompile>
    <ClCompile Include="src\scene\CameraAccuracyDebugScene.cpp">
      <Filter>Source Files\scene</Filter>
    </ClCompile>
    <ClCompile Include="src\scene\CreditScene.cpp">
      <Filter>Source Files\scene</Filter>
    </ClCompile>
    <ClCompile Include="src\scene\OptionScene.cpp">
      <Filter>Source Files\scene</Filter>
    </ClCompile>
    <ClCompile Include="src\scene\RankingScene.cpp">
      <Filter>Source Files\scene</Filter>
    </ClCompile>
    <ClCompile Include="src\scene\SoundTestScene.cpp">
      <Filter>Source Files\scene</Filter>
    </ClCompile>
    <ClCompile Include="src\effect\EffectManager.cpp">
      <Filter>Source Files\effect</Filter>
    </ClCompile>
    <ClCompile Include="src\scene\BattleResultScene.cpp">
      <Filter>Source Files\scene</Filter>
    </ClCompile>
    <ClCompile Include="src\scene\BattleArenaRenderer.cpp">
      <Filter>Source Files\scene</Filter>
    </ClCompile>
    <ClCompile Include="src\scene\CalibrationScene.cpp">
      <Filter>Source Files\scene</Filter>
    </ClCompile>
    <ClCompile Include="src\scene\DifficultyCauldronScene.cpp">
      <Filter>Source Files\scene</Filter>
    </ClCompile>
    <ClCompile Include="src\enemy\EnemyMelee.cpp">
      <Filter>Source Files\enemy</Filter>
    </ClCompile>
    <ClCompile Include="src\enemy\EnemyCombat.cpp">
      <Filter>Source Files\enemy</Filter>
    </ClCompile>
    <ClCompile Include="src\enemy\EnemyCore.cpp">
      <Filter>Source Files\enemy</Filter>
    </ClCompile>
    <ClCompile Include="src\enemy\EnemyDecision.cpp">
      <Filter>Source Files\enemy</Filter>
    </ClCompile>
    <ClCompile Include="src\enemy\EnemyPhaseMaterial.cpp">
      <Filter>Source Files\enemy</Filter>
    </ClCompile>
    <ClCompile Include="src\enemy\EnemyMovement.cpp">
      <Filter>Source Files\enemy</Filter>
    </ClCompile>
    <ClCompile Include="src\enemy\EnemyPresentation.cpp">
      <Filter>Source Files\enemy</Filter>
    </ClCompile>
    <ClCompile Include="src\enemy\EnemyTuning.cpp">
      <Filter>Source Files\enemy</Filter>
    </ClCompile>
    <ClCompile Include="src\enemy\EnemyWarp.cpp">
      <Filter>Source Files\enemy</Filter>
    </ClCompile>
    <ClCompile Include="src\player\Player.cpp">
      <Filter>Source Files\player</Filter>
    </ClCompile>
    <ClCompile Include="src\scene\CombatFeedbackDirector.cpp">
      <Filter>Source Files\scene</Filter>
    </ClCompile>
    <ClCompile Include="src\scene\GameOverScene.cpp">
      <Filter>Source Files\scene</Filter>
    </ClCompile>
    <ClCompile Include="src\scene\GameVictoryScene.cpp">
      <Filter>Source Files\scene</Filter>
    </ClCompile>
    <ClCompile Include="src\scene\GameScene.cpp">
      <Filter>Source Files\scene</Filter>
    </ClCompile>
    <ClCompile Include="src\scene\GameSceneAnimation.cpp">
      <Filter>Source Files\scene</Filter>
    </ClCompile>
    <ClCompile Include="src\scene\GameSceneCamera.cpp">
      <Filter>Source Files\scene</Filter>
    </ClCompile>
    <ClCompile Include="src\scene\GameSceneCombat.cpp">
      <Filter>Source Files\scene</Filter>
    </ClCompile>
    <ClCompile Include="src\scene\GameSceneLighting.cpp">
      <Filter>Source Files\scene</Filter>
    </ClCompile>
    <ClCompile Include="src\scene\HandTrackingTestScene.cpp">
      <Filter>Source Files\scene</Filter>
    </ClCompile>
    <ClCompile Include="src\scene\TitleScene.cpp">
      <Filter>Source Files\scene</Filter>
    </ClCompile>
    <ClCompile Include="src\scene\TutorialScene.cpp">
      <Filter>Source Files\scene</Filter>
    </ClCompile>
    <ClCompile Include="src\scene\TutorialSelectScene.cpp">
      <Filter>Source Files\scene</Filter>
    </ClCompile>
    <ClCompile Include="src\scene\WeaponSelectScene.cpp">
      <Filter>Source Files\scene</Filter>
    </ClCompile>
    <ClCompile Include="src\main.cpp">
      <Filter>Source Files</Filter>
    </ClCompile>
    <ClCompile Include="src\player\Sword.cpp">
      <Filter>Source Files\player</Filter>
    </ClCompile>
    <ClCompile Include="src\player\SwordMouseController.cpp">
      <Filter>Source Files\player</Filter>
    </ClCompile>
    <ClCompile Include="src\player\SwordUdpController.cpp">
      <Filter>Source Files\player</Filter>
    </ClCompile>
    <ClCompile Include="src\scene\GameSceneHud.cpp">
      <Filter>Source Files\scene</Filter>
    </ClCompile>
    <ClCompile Include="src\player\SwordSlashArcRenderer.cpp">
      <Filter>Source Files\player</Filter>
    </ClCompile>
    <ClCompile Include="src\player\SwordTrailRenderer.cpp" />
  </ItemGroup>
  <ItemGroup>
    <ClInclude Include="include\scene\CameraPreviewReceiver.h">
      <Filter>Header Files\scene</Filter>
    </ClInclude>
    <ClInclude Include="include\scene\CameraAccuracyDebugScene.h">
      <Filter>Header Files\scene</Filter>
    </ClInclude>
    <ClInclude Include="include\scene\CreditScene.h">
      <Filter>Header Files\scene</Filter>
    </ClInclude>
    <ClInclude Include="include\scene\OptionScene.h">
      <Filter>Header Files\scene</Filter>
    </ClInclude>
    <ClInclude Include="include\scene\RankingScene.h">
      <Filter>Header Files\scene</Filter>
    </ClInclude>
    <ClInclude Include="include\scene\SoundTestScene.h">
      <Filter>Header Files\scene</Filter>
    </ClInclude>
    <ClInclude Include="include\effect\EffectAsset.h">
      <Filter>Header Files\effect</Filter>
    </ClInclude>
    <ClInclude Include="include\effect\EffectManager.h">
      <Filter>Header Files\effect</Filter>
    </ClInclude>
    <ClInclude Include="include\scene\BattleResultScene.h">
      <Filter>Header Files\scene</Filter>
    </ClInclude>
    <ClInclude Include="include\scene\BattleArenaRenderer.h">
      <Filter>Header Files\scene</Filter>
    </ClInclude>
    <ClInclude Include="include\scene\CalibrationScene.h">
      <Filter>Header Files\scene</Filter>
    </ClInclude>
    <ClInclude Include="include\scene\DifficultyCauldronScene.h">
      <Filter>Header Files\scene</Filter>
    </ClInclude>
    <ClInclude Include="include\enemy\EnemyActionData.h">
      <Filter>Header Files\enemy</Filter>
    </ClInclude>
    <ClInclude Include="include\enemy\EnemyPhaseMaterial.h">
      <Filter>Header Files\enemy</Filter>
    </ClInclude>
    <ClInclude Include="include\player\SwordControllerState.h">
      <Filter>Header Files\player</Filter>
    </ClInclude>
    <ClInclude Include="include\player\SwordInputCalibration.h">
      <Filter>Header Files\player</Filter>
    </ClInclude>
    <ClInclude Include="include\player\SwordPose.h">
      <Filter>Header Files\player</Filter>
    </ClInclude>
    <ClInclude Include="include\enemy\Enemy.h">
      <Filter>Header Files\enemy</Filter>
    </ClInclude>
    <ClInclude Include="include\scene\BladeClashCinematic.h">
      <Filter>Header Files\scene</Filter>
    </ClInclude>
    <ClInclude Include="include\scene\CombatFeedbackDirector.h">
      <Filter>Header Files\scene</Filter>
    </ClInclude>
    <ClInclude Include="include\scene\GameOverScene.h">
      <Filter>Header Files\scene</Filter>
    </ClInclude>
    <ClInclude Include="include\scene\GameVictoryScene.h">
      <Filter>Header Files\scene</Filter>
    </ClInclude>
    <ClInclude Include="include\scene\GameScene.h">
      <Filter>Header Files\scene</Filter>
    </ClInclude>
    <ClInclude Include="include\scene\HandTrackingTestScene.h">
      <Filter>Header Files\scene</Filter>
    </ClInclude>
    <ClInclude Include="include\scene\TitleScene.h">
      <Filter>Header Files\scene</Filter>
    </ClInclude>
    <ClInclude Include="include\scene\WeaponSelectScene.h">
      <Filter>Header Files\scene</Filter>
    </ClInclude>
    <ClInclude Include="include\player\Player.h">
      <Filter>Header Files\player</Filter>
    </ClInclude>
    <ClInclude Include="include\player\Sword.h">
      <Filter>Header Files\player</Filter>
    </ClInclude>
    <ClInclude Include="include\player\SwordMouseController.h">
      <Filter>Header Files\player</Filter>
    </ClInclude>
    <ClInclude Include="include\player\SwordUdpController.h">
      <Filter>Header Files\player</Filter>
    </ClInclude>
    <ClInclude Include="include\scene\GameSceneHud.h">
      <Filter>Header Files\scene</Filter>
    </ClInclude>
    <ClInclude Include="include\player\SwordSlashArcRenderer.h">
      <Filter>Header Files\player</Filter>
    </ClInclude>
    <ClInclude Include="include\player\SwordTrailRenderer.h" />
    <ClInclude Include="include\player\InputControlType.h">
      <Filter>Header Files\player</Filter>
    </ClInclude>
    <ClInclude Include="include\compat\EngineCompat.h">
      <Filter>Header Files</Filter>
    </ClInclude>
    <ClInclude Include="include\compat\ParticleCompat.h">
      <Filter>Header Files</Filter>
    </ClInclude>
    <ClInclude Include="include\scene\AppSceneServices.h">
      <Filter>Header Files\scene</Filter>
    </ClInclude>
    <ClInclude Include="include\scene\TutorialScene.h">
      <Filter>Header Files\scene</Filter>
    </ClInclude>
    <ClInclude Include="include\scene\TutorialSelectScene.h">
      <Filter>Header Files\scene</Filter>
    </ClInclude>
  </ItemGroup>
  <ItemGroup>
    <None Include="resources\audio\bgm\bgm_Battle.wav">
      <Filter>Resources\Audio\bgm</Filter>
    </None>
    <None Include="resources\audio\bgm\bgm_MenuTheme.wav">
      <Filter>Resources\Audio\bgm</Filter>
    </None>
    <None Include="resources\audio\bgm\bgm_TitleTheme.wav">
      <Filter>Resources\Audio\bgm</Filter>
    </None>
    <None Include="resources\audio\bgm\bgm_TutorialTheme.wav">
      <Filter>Resources\Audio\bgm</Filter>
    </None>
    <None Include="resources\audio\se\se_Selected.mp3">
      <Filter>Resources\Audio\se</Filter>
    </None>
    <None Include="resources\audio\se\ロボットを殴る2.mp3">
      <Filter>Resources\Audio\se</Filter>
    </None>
    <None Include="resources\audio\se\剣で斬る2.mp3">
      <Filter>Resources\Audio\se</Filter>
    </None>
    <None Include="resources\audio\se\剣で斬る3.mp3">
      <Filter>Resources\Audio\se</Filter>
    </None>
    <None Include="resources\audio\se\爆発3.mp3">
      <Filter>Resources\Audio\se</Filter>
    </None>
    <None Include="resources\audio\se\爆発4.mp3">
      <Filter>Resources\Audio\se</Filter>
    </None>
    <None Include="resources\fonts\MPLUS1p-ExtraBold.ttf">
      <Filter>Resources\Fonts</Filter>
    </None>
    <None Include="resources\effects\particles\smoke.png">
      <Filter>Resources\Effects\particles</Filter>
    </None>
    <None Include="resources\ui\difficulty\description_easy.png">
      <Filter>Resources\UI\difficulty</Filter>
    </None>
    <None Include="resources\ui\difficulty\description_experienced.png">
      <Filter>Resources\UI\difficulty</Filter>
    </None>
    <None Include="resources\ui\difficulty\description_extreme.png">
      <Filter>Resources\UI\difficulty</Filter>
    </None>
    <None Include="resources\ui\difficulty\description_hard.png">
      <Filter>Resources\UI\difficulty</Filter>
    </None>
    <None Include="resources\ui\difficulty\description_normal.png">
      <Filter>Resources\UI\difficulty</Filter>
    </None>
    <None Include="resources\models\boss\boss.bin">
      <Filter>Resources\Models\boss</Filter>
    </None>
    <None Include="resources\models\boss\boss.gltf">
      <Filter>Resources\Models\boss</Filter>
    </None>
    <None Include="resources\models\boss\boss.png">
      <Filter>Resources\Models\boss</Filter>
    </None>
    <None Include="resources\models\player\player.gltf">
      <Filter>Resources\Models\player</Filter>
    </None>
    <None Include="resources\models\player\sword.glb">
      <Filter>Resources\Models\player</Filter>
    </None>
    <None Include="resources\shaders\sword_arc\SwordArcPS.hlsl">
      <Filter>Resources\Shaders\sword_arc</Filter>
    </None>
    <None Include="resources\shaders\sword_arc\SwordArcVS.hlsl">
      <Filter>Resources\Shaders\sword_arc</Filter>
    </None>
    <None Include="resources\shaders\particle\GPUParticleSmokePS.hlsl">
      <Filter>Resources\Shaders\particle</Filter>
    </None>
    <None Include="resources\shaders\sword_trail\SwordTrailPS.hlsl">
      <Filter>Resources\Shaders\sword_trail</Filter>
    </None>
    <None Include="resources\shaders\sword_trail\SwordTrailVS.hlsl">
      <Filter>Resources\Shaders\sword_trail</Filter>
    </None>
    <None Include="resources\ui\result\game_over_title.png">
      <Filter>Resources\UI\result</Filter>
    </None>
    <None Include="resources\ui\result\glyphs\char_0.png">
      <Filter>Resources\UI\result\glyphs</Filter>
    </None>
    <None Include="resources\ui\result\glyphs\char_1.png">
      <Filter>Resources\UI\result\glyphs</Filter>
    </None>
    <None Include="resources\ui\result\glyphs\char_2.png">
      <Filter>Resources\UI\result\glyphs</Filter>
    </None>
    <None Include="resources\ui\result\glyphs\char_3.png">
      <Filter>Resources\UI\result\glyphs</Filter>
    </None>
    <None Include="resources\ui\result\glyphs\char_4.png">
      <Filter>Resources\UI\result\glyphs</Filter>
    </None>
    <None Include="resources\ui\result\glyphs\char_5.png">
      <Filter>Resources\UI\result\glyphs</Filter>
    </None>
    <None Include="resources\ui\result\glyphs\char_6.png">
      <Filter>Resources\UI\result\glyphs</Filter>
    </None>
    <None Include="resources\ui\result\glyphs\char_7.png">
      <Filter>Resources\UI\result\glyphs</Filter>
    </None>
    <None Include="resources\ui\result\glyphs\char_8.png">
      <Filter>Resources\UI\result\glyphs</Filter>
    </None>
    <None Include="resources\ui\result\glyphs\char_9.png">
      <Filter>Resources\UI\result\glyphs</Filter>
    </None>
    <None Include="resources\ui\result\glyphs\char_dot.png">
      <Filter>Resources\UI\result\glyphs</Filter>
    </None>
    <None Include="resources\ui\result\mplus\clear_time.png">
      <Filter>Resources\UI\result\mplus</Filter>
    </None>
    <None Include="resources\ui\result\mplus\controls_hand.png">
      <Filter>Resources\UI\result\mplus</Filter>
    </None>
    <None Include="resources\ui\result\mplus\controls_kbm_clear.png">
      <Filter>Resources\UI\result\mplus</Filter>
    </None>
    <None Include="resources\ui\result\mplus\controls_kbm_gameover.png">
      <Filter>Resources\UI\result\mplus</Filter>
    </None>
    <None Include="resources\ui\result\mplus\glyphs\char_0.png">
      <Filter>Resources\UI\result\mplus\glyphs</Filter>
    </None>
    <None Include="resources\ui\result\mplus\glyphs\char_1.png">
      <Filter>Resources\UI\result\mplus\glyphs</Filter>
    </None>
    <None Include="resources\ui\result\mplus\glyphs\char_2.png">
      <Filter>Resources\UI\result\mplus\glyphs</Filter>
    </None>
    <None Include="resources\ui\result\mplus\glyphs\char_3.png">
      <Filter>Resources\UI\result\mplus\glyphs</Filter>
    </None>
    <None Include="resources\ui\result\mplus\glyphs\char_4.png">
      <Filter>Resources\UI\result\mplus\glyphs</Filter>
    </None>
    <None Include="resources\ui\result\mplus\glyphs\char_5.png">
      <Filter>Resources\UI\result\mplus\glyphs</Filter>
    </None>
    <None Include="resources\ui\result\mplus\glyphs\char_6.png">
      <Filter>Resources\UI\result\mplus\glyphs</Filter>
    </None>
    <None Include="resources\ui\result\mplus\glyphs\char_7.png">
      <Filter>Resources\UI\result\mplus\glyphs</Filter>
    </None>
    <None Include="resources\ui\result\mplus\glyphs\char_8.png">
      <Filter>Resources\UI\result\mplus\glyphs</Filter>
    </None>
    <None Include="resources\ui\result\mplus\glyphs\char_9.png">
      <Filter>Resources\UI\result\mplus\glyphs</Filter>
    </None>
    <None Include="resources\ui\result\mplus\glyphs\char_colon.png">
      <Filter>Resources\UI\result\mplus\glyphs</Filter>
    </None>
    <None Include="resources\ui\result\mplus\glyphs\char_dash.png">
      <Filter>Resources\UI\result\mplus\glyphs</Filter>
    </None>
    <None Include="resources\ui\result\mplus\glyphs\char_dot.png">
      <Filter>Resources\UI\result\mplus\glyphs</Filter>
    </None>
    <None Include="resources\ui\result\mplus\glyphs\char_s.png">
      <Filter>Resources\UI\result\mplus\glyphs</Filter>
    </None>
    <None Include="resources\ui\result\mplus\mission_complete.png">
      <Filter>Resources\UI\result\mplus</Filter>
    </None>
    <None Include="resources\ui\result\mplus\mission_failed.png">
      <Filter>Resources\UI\result\mplus</Filter>
    </None>
    <None Include="resources\ui\result\no_clear_time.png">
      <Filter>Resources\UI\result</Filter>
    </None>
    <None Include="resources\ui\title\gamelogo.png">
      <Filter>Resources\UI\title</Filter>
    </None>
    <None Include="resources\ui\title\exit_confirm_message.png">
      <Filter>Resources\UI\title</Filter>
    </None>
    <None Include="resources\ui\title\exit_confirm_no.png">
      <Filter>Resources\UI\title</Filter>
    </None>
    <None Include="resources\ui\title\exit_confirm_yes.png">
      <Filter>Resources\UI\title</Filter>
    </None>
    <None Include="resources\ui\title\esc_exit.png">
      <Filter>Resources\UI\title</Filter>
    </None>
    <None Include="resources\ui\title\press_any_button.png">
      <Filter>Resources\UI\title</Filter>
    </None>
    <None Include="resources\ui\title\tab_credit.png">
      <Filter>Resources\UI\title</Filter>
    </None>
    <None Include="resources\ui\credits\credits_title.png">
      <Filter>Resources\UI\credits</Filter>
    </None>
    <None Include="resources\ui\credits\credits_controls.png">
      <Filter>Resources\UI\credits</Filter>
    </None>
    <None Include="resources\ui\credits\name_AotoMori.png">
      <Filter>Resources\UI\credits</Filter>
    </None>
    <None Include="resources\ui\credits\thank_you_for_playing.png">
      <Filter>Resources\UI\credits</Filter>
    </None>
    <None Include="resources\ui\credits\tsunagu_sign.png">
      <Filter>Resources\UI\credits</Filter>
    </None>
    <None Include="resources\ui\credits\lines\aotomori_name.png">
      <Filter>Resources\UI\credits</Filter>
    </None>
    <None Include="resources\ui\credits\lines\aotomori_role.png">
      <Filter>Resources\UI\credits</Filter>
    </None>
    <None Include="resources\ui\credits\lines\art_sound_direction.png">
      <Filter>Resources\UI\credits</Filter>
    </None>
    <None Include="resources\ui\credits\lines\game_design_programming.png">
      <Filter>Resources\UI\credits</Filter>
    </None>
    <None Include="resources\ui\credits\lines\special_thanks.png">
      <Filter>Resources\UI\credits</Filter>
    </None>
    <None Include="resources\ui\credits\lines\taro_name.png">
      <Filter>Resources\UI\credits</Filter>
    </None>
    <None Include="resources\ui\credits\lines\taro_role.png">
      <Filter>Resources\UI\credits</Filter>
    </None>
    <None Include="resources\ui\credits\lines\team.png">
      <Filter>Resources\UI\credits</Filter>
    </None>
    <None Include="resources\ui\credits\lines\thanks_message.png">
      <Filter>Resources\UI\credits</Filter>
    </None>
    <None Include="resources\ui\credits\lines\title.png">
      <Filter>Resources\UI\credits</Filter>
    </None>
    <None Include="resources\ui\credits\lines\tsunagu_miyashita_name.png">
      <Filter>Resources\UI\credits</Filter>
    </None>
    <None Include="resources\ui\credits\lines\tsunagu_miyashita_role.png">
      <Filter>Resources\UI\credits</Filter>
    </None>
    <None Include="resources\ui\credits\lines\yutaka_name.png">
      <Filter>Resources\UI\credits</Filter>
    </None>
    <None Include="resources\ui\credits\lines\yutaka_role.png">
      <Filter>Resources\UI\credits</Filter>
    </None>
    <None Include="resources\ui\credits\lines\year.png">
      <Filter>Resources\UI\credits</Filter>
    </None>
    <None Include="resources\ui\common\tab_ranking.png">
      <Filter>Resources\UI\common</Filter>
    </None>
    <None Include="resources\ui\common\tab_select.png">
      <Filter>Resources\UI\common</Filter>
    </None>
    <None Include="resources\ui\common\tab_menu.png">
      <Filter>Resources\UI\common</Filter>
    </None>
    <None Include="resources\ui\menu\menu_title.png">
      <Filter>Resources\UI\menu</Filter>
    </None>
    <None Include="resources\ui\menu\option_credits.png">
      <Filter>Resources\UI\menu</Filter>
    </None>
    <None Include="resources\ui\menu\option_ranking.png">
      <Filter>Resources\UI\menu</Filter>
    </None>
    <None Include="resources\ui\menu\option_sound_test.png">
      <Filter>Resources\UI\menu</Filter>
    </None>
    <None Include="resources\ui\option\bgm.png">
      <Filter>Resources\UI\option</Filter>
    </None>
    <None Include="resources\ui\option\menu_label.png">
      <Filter>Resources\UI\option</Filter>
    </None>
    <None Include="resources\ui\option\mouse_slash.png">
      <Filter>Resources\UI\option</Filter>
    </None>
    <None Include="resources\ui\option\se.png">
      <Filter>Resources\UI\option</Filter>
    </None>
    <None Include="resources\ui\option\tab_back.png">
      <Filter>Resources\UI\option</Filter>
    </None>
    <None Include="resources\ui\option\title.png">
      <Filter>Resources\UI\option</Filter>
    </None>
    <None Include="resources\ui\sound_test\controls.png">
      <Filter>Resources\UI\sound_test</Filter>
    </None>
    <None Include="resources\ui\sound_test\playing.png">
      <Filter>Resources\UI\sound_test</Filter>
    </None>
    <None Include="resources\ui\sound_test\title.png">
      <Filter>Resources\UI\sound_test</Filter>
    </None>
    <None Include="resources\ui\sound_test\track_battle.png">
      <Filter>Resources\UI\sound_test</Filter>
    </None>
    <None Include="resources\ui\sound_test\track_menu.png">
      <Filter>Resources\UI\sound_test</Filter>
    </None>
    <None Include="resources\ui\sound_test\track_title.png">
      <Filter>Resources\UI\sound_test</Filter>
    </None>
    <None Include="resources\ui\sound_test\track_tutorial.png">
      <Filter>Resources\UI\sound_test</Filter>
    </None>
    <None Include="resources\ui\weapon_select\text\input_hand.png">
      <Filter>Resources\UI\weapon_select\text</Filter>
    </None>
    <None Include="resources\ui\weapon_select\text\input_kbm.png">
      <Filter>Resources\UI\weapon_select\text</Filter>
    </None>
    <None Include="resources\ui\weapon_select\text\weapon_controls.png">
      <Filter>Resources\UI\weapon_select\text</Filter>
    </None>
    <None Include="resources\ui\weapon_select\weapon_select_bg.png">
      <Filter>Resources\UI\weapon_select</Filter>
    </None>
  </ItemGroup>
</Project>
